
Microsoft Visual Studio Solution File, Format Version 12.00
# Visual Studio Version 17
VisualStudioVersion = 17.13.36105.23 d17.13
MinimumVisualStudioVersion = 10.0.40219.1
Project("{FAE04EC0-301F-11D3-BF4B-00C04F79EFBC}") = "LinqTest1", "LinqTest1\LinqTest1.csproj", "{54F0B388-784F-424E-90FF-7805AAFAC071}"
EndProject
Global
	GlobalSection(SolutionConfigurationPlatforms) = preSolution
		Debug|Any CPU = Debug|Any CPU
		Release|Any CPU = Release|Any CPU
	EndGlobalSection
	GlobalSection(ProjectConfigurationPlatforms) = postSolution
		{54F0B388-784F-424E-90FF-7805AAFAC071}.Debug|Any CPU.ActiveCfg = Debug|Any CPU
		{54F0B388-784F-424E-90FF-7805AAFAC071}.Debug|Any CPU.Build.0 = Debug|Any CPU
		{54F0B388-784F-424E-90FF-7805AAFAC071}.Release|Any CPU.ActiveCfg = Release|Any CPU
		{54F0B388-784F-424E-90FF-7805AAFAC071}.Release|Any CPU.Build.0 = Release|Any CPU
	EndGlobalSection
	GlobalSection(SolutionProperties) = preSolution
		HideSolutionNode = FALSE
	EndGlobalSection
	GlobalSection(ExtensibilityGlobals) = postSolution
		SolutionGuid = {83D0EBCC-CC69-4F41-8034-07D654984F35}
	EndGlobalSection
EndGlobal
